# THIS IS AN AUTOGENERATED FILE. DO NOT EDIT THIS FILE DIRECTLY.
# yarn lockfile v1


bun-types@^0.3.0:
  version "0.3.0"
  resolved "https://registry.yarnpkg.com/bun-types/-/bun-types-0.3.0.tgz#5753d4448b80f03cc2624d0d46160e5821008a2b"
  integrity sha512-cn9ApQi1nppfTzrpqRCVIkkSyrRmV/RUik9c4FBY0Fet9Jnl4ANcDW/z9m/pM/glC7b9e3WChEtAmo9etHpTbQ==
